{
  "version": 4,
  "terraform_version": "1.14.6",
  "serial": 151,
  "lineage": "ddde0499-3d20-0aa5-bd56-8a36c2919bf3",
  "outputs": {
    "api_base_url": {
      "value": "https://qlwfaz7rt5.execute-api.us-east-1.amazonaws.com/prod",
      "type": "string"
    },
    "sqs_url": {
      "value": "https://sqs.us-east-1.amazonaws.com/235899054833/notification-email-sqs",
      "type": "string"
    }
  },
  "resources": [
    {
      "module": "module.pig_bank_infrastructure",
      "mode": "managed",
      "type": "aws_api_gateway_deployment",
      "name": "api_deployment",
      "provider": "module.pig_bank_infrastructure.provider[\"registry.terraform.io/hashicorp/aws\"]",
      "instances": [
        {
          "schema_version": 0,
          "attributes": {
            "created_date": "2026-03-09T18:11:11Z",
            "description": "",
            "id": "i4se5o",
            "region": "us-east-1",
            "rest_api_id": "qlwfaz7rt5",
            "triggers": null,
            "variables": null
          },
          "sensitive_attributes": [],
          "identity_schema_version": 0,
          "private": "bnVsbA==",
          "dependencies": [
            "module.pig_bank_infrastructure.aws_api_gateway_integration.int_activate",
            "module.pig_bank_infrastructure.aws_api_gateway_integration.int_paid",
            "module.pig_bank_infrastructure.aws_api_gateway_integration.int_purchase",
            "module.pig_bank_infrastructure.aws_api_gateway_integration.int_request",
            "module.pig_bank_infrastructure.aws_api_gateway_integration.int_save",
            "module.pig_bank_infrastructure.aws_api_gateway_method.post_activate",
            "module.pig_bank_infrastructure.aws_api_gateway_method.post_paid",
            "module.pig_bank_infrastructure.aws_api_gateway_method.post_purchase",
            "module.pig_bank_infrastructure.aws_api_gateway_method.post_request",
            "module.pig_bank_infrastructure.aws_api_gateway_method.post_save",
            "module.pig_bank_infrastructure.aws_api_gateway_resource.card",
            "module.pig_bank_infrastructure.aws_api_gateway_resource.card_activate",
            "module.pig_bank_infrastructure.aws_api_gateway_resource.card_paid",
            "module.pig_bank_infrastructure.aws_api_gateway_resource.card_paid_id",
            "module.pig_bank_infrastructure.aws_api_gateway_resource.card_request",
            "module.pig_bank_infrastructure.aws_api_gateway_resource.transactions",
            "module.pig_bank_infrastructure.aws_api_gateway_resource.tx_purchase",
            "module.pig_bank_infrastructure.aws_api_gateway_resource.tx_save",
            "module.pig_bank_infrastructure.aws_api_gateway_resource.tx_save_id",
            "module.pig_bank_infrastructure.aws_api_gateway_rest_api.api",
            "module.pig_bank_infrastructure.aws_iam_role.lambda_role",
            "module.pig_bank_infrastructure.aws_lambda_function.activate_card",
            "module.pig_bank_infrastructure.aws_lambda_function.create_card",
            "module.pig_bank_infrastructure.aws_lambda_function.paid_credit",
            "module.pig_bank_infrastructure.aws_lambda_function.purchase_card",
            "module.pig_bank_infrastructure.aws_lambda_function.save_transaction",
            "module.pig_bank_infrastructure.aws_sqs_queue.notification_queue"
          ]
        }
      ]
    },
    {
      "module": "module.pig_bank_infrastructure",
      "mode": "managed",
      "type": "aws_api_gateway_integration",
      "name": "int_activate",
      "provider": "module.pig_bank_infrastructure.provider[\"registry.terraform.io/hashicorp/aws\"]",
      "instances": [
        {
          "schema_version": 0,
          "attributes": {
            "cache_key_parameters": [],
            "cache_namespace": "p82xvw",
            "connection_id": "",
            "connection_type": "INTERNET",
            "content_handling": "",
            "credentials": "",
            "http_method": "POST",
            "id": "agi-qlwfaz7rt5-p82xvw-POST",
            "integration_http_method": "POST",
            "integration_target": "",
            "passthrough_behavior": "WHEN_NO_MATCH",
            "region": "us-east-1",
            "request_parameters": {},
            "request_templates": {},
            "resource_id": "p82xvw",
            "response_transfer_mode": "BUFFERED",
            "rest_api_id": "qlwfaz7rt5",
            "timeout_milliseconds": 29000,
            "tls_config": [],
            "type": "AWS_PROXY",
            "uri": "arn:aws:apigateway:us-east-1:lambda:path/2015-03-31/functions/arn:aws:lambda:us-east-1:235899054833:function:card-activate-lambda/invocations"
          },
          "sensitive_attributes": [],
          "identity_schema_version": 0,
          "private": "bnVsbA==",
          "dependencies": [
            "module.pig_bank_infrastructure.aws_api_gateway_method.post_activate",
            "module.pig_bank_infrastructure.aws_api_gateway_resource.card",
            "module.pig_bank_infrastructure.aws_api_gateway_resource.card_activate",
            "module.pig_bank_infrastructure.aws_api_gateway_rest_api.api",
            "module.pig_bank_infrastructure.aws_iam_role.lambda_role",
            "module.pig_bank_infrastructure.aws_lambda_function.activate_card",
            "module.pig_bank_infrastructure.aws_sqs_queue.notification_queue"
          ]
        }
      ]
    },
    {
      "module": "module.pig_bank_infrastructure",
      "mode": "managed",
      "type": "aws_api_gateway_integration",
      "name": "int_paid",
      "provider": "module.pig_bank_infrastructure.provider[\"registry.terraform.io/hashicorp/aws\"]",
      "instances": [
        {
          "schema_version": 0,
          "attributes": {
            "cache_key_parameters": [],
            "cache_namespace": "ix7lz5",
            "connection_id": "",
            "connection_type": "INTERNET",
            "content_handling": "",
            "credentials": "",
            "http_method": "POST",
            "id": "agi-qlwfaz7rt5-ix7lz5-POST",
            "integration_http_method": "POST",
            "integration_target": "",
            "passthrough_behavior": "WHEN_NO_MATCH",
            "region": "us-east-1",
            "request_parameters": {},
            "request_templates": {},
            "resource_id": "ix7lz5",
            "response_transfer_mode": "BUFFERED",
            "rest_api_id": "qlwfaz7rt5",
            "timeout_milliseconds": 29000,
            "tls_config": [],
            "type": "AWS_PROXY",
            "uri": "arn:aws:apigateway:us-east-1:lambda:path/2015-03-31/functions/arn:aws:lambda:us-east-1:235899054833:function:card-paid-credit-lambda/invocations"
          },
          "sensitive_attributes": [],
          "identity_schema_version": 0,
          "private": "bnVsbA==",
          "dependencies": [
            "module.pig_bank_infrastructure.aws_api_gateway_method.post_paid",
            "module.pig_bank_infrastructure.aws_api_gateway_resource.card",
            "module.pig_bank_infrastructure.aws_api_gateway_resource.card_paid",
            "module.pig_bank_infrastructure.aws_api_gateway_resource.card_paid_id",
            "module.pig_bank_infrastructure.aws_api_gateway_rest_api.api",
            "module.pig_bank_infrastructure.aws_iam_role.lambda_role",
            "module.pig_bank_infrastructure.aws_lambda_function.paid_credit",
            "module.pig_bank_infrastructure.aws_sqs_queue.notification_queue"
          ]
        }
      ]
    },
    {
      "module": "module.pig_bank_infrastructure",
      "mode": "managed",
      "type": "aws_api_gateway_integration",
      "name": "int_purchase",
      "provider": "module.pig_bank_infrastructure.provider[\"registry.terraform.io/hashicorp/aws\"]",
      "instances": [
        {
          "schema_version": 0,
          "attributes": {
            "cache_key_parameters": [],
            "cache_namespace": "48sgla",
            "connection_id": "",
            "connection_type": "INTERNET",
            "content_handling": "",
            "credentials": "",
            "http_method": "POST",
            "id": "agi-qlwfaz7rt5-48sgla-POST",
            "integration_http_method": "POST",
            "integration_target": "",
            "passthrough_behavior": "WHEN_NO_MATCH",
            "region": "us-east-1",
            "request_parameters": {},
            "request_templates": {},
            "resource_id": "48sgla",
            "response_transfer_mode": "BUFFERED",
            "rest_api_id": "qlwfaz7rt5",
            "timeout_milliseconds": 29000,
            "tls_config": [],
            "type": "AWS_PROXY",
            "uri": "arn:aws:apigateway:us-east-1:lambda:path/2015-03-31/functions/arn:aws:lambda:us-east-1:235899054833:function:card-purchase-lambda/invocations"
          },
          "sensitive_attributes": [],
          "identity_schema_version": 0,
          "private": "bnVsbA==",
          "dependencies": [
            "module.pig_bank_infrastructure.aws_api_gateway_method.post_purchase",
            "module.pig_bank_infrastructure.aws_api_gateway_resource.transactions",
            "module.pig_bank_infrastructure.aws_api_gateway_resource.tx_purchase",
            "module.pig_bank_infrastructure.aws_api_gateway_rest_api.api",
            "module.pig_bank_infrastructure.aws_iam_role.lambda_role",
            "module.pig_bank_infrastructure.aws_lambda_function.purchase_card",
            "module.pig_bank_infrastructure.aws_sqs_queue.notification_queue"
          ]
        }
      ]
    },
    {
      "module": "module.pig_bank_infrastructure",
      "mode": "managed",
      "type": "aws_api_gateway_integration",
      "name": "int_request",
      "provider": "module.pig_bank_infrastructure.provider[\"registry.terraform.io/hashicorp/aws\"]",
      "instances": [
        {
          "schema_version": 0,
          "attributes": {
            "cache_key_parameters": [],
            "cache_namespace": "bxbzy1",
            "connection_id": "",
            "connection_type": "INTERNET",
            "content_handling": "",
            "credentials": "",
            "http_method": "POST",
            "id": "agi-qlwfaz7rt5-bxbzy1-POST",
            "integration_http_method": "POST",
            "integration_target": "",
            "passthrough_behavior": "WHEN_NO_MATCH",
            "region": "us-east-1",
            "request_parameters": {},
            "request_templates": {},
            "resource_id": "bxbzy1",
            "response_transfer_mode": "BUFFERED",
            "rest_api_id": "qlwfaz7rt5",
            "timeout_milliseconds": 29000,
            "tls_config": [],
            "type": "AWS_PROXY",
            "uri": "arn:aws:apigateway:us-east-1:lambda:path/2015-03-31/functions/arn:aws:lambda:us-east-1:235899054833:function:create-request-card-lambda/invocations"
          },
          "sensitive_attributes": [],
          "identity_schema_version": 0,
          "private": "bnVsbA==",
          "dependencies": [
            "module.pig_bank_infrastructure.aws_api_gateway_method.post_request",
            "module.pig_bank_infrastructure.aws_api_gateway_resource.card",
            "module.pig_bank_infrastructure.aws_api_gateway_resource.card_request",
            "module.pig_bank_infrastructure.aws_api_gateway_rest_api.api",
            "module.pig_bank_infrastructure.aws_iam_role.lambda_role",
            "module.pig_bank_infrastructure.aws_lambda_function.create_card",
            "module.pig_bank_infrastructure.aws_sqs_queue.notification_queue"
          ]
        }
      ]
    },
    {
      "module": "module.pig_bank_infrastructure",
      "mode": "managed",
      "type": "aws_api_gateway_integration",
      "name": "int_save",
      "provider": "module.pig_bank_infrastructure.provider[\"registry.terraform.io/hashicorp/aws\"]",
      "instances": [
        {
          "schema_version": 0,
          "attributes": {
            "cache_key_parameters": [],
            "cache_namespace": "p67ajq",
            "connection_id": "",
            "connection_type": "INTERNET",
            "content_handling": "",
            "credentials": "",
            "http_method": "POST",
            "id": "agi-qlwfaz7rt5-p67ajq-POST",
            "integration_http_method": "POST",
            "integration_target": "",
            "passthrough_behavior": "WHEN_NO_MATCH",
            "region": "us-east-1",
            "request_parameters": {},
            "request_templates": {},
            "resource_id": "p67ajq",
            "response_transfer_mode": "BUFFERED",
            "rest_api_id": "qlwfaz7rt5",
            "timeout_milliseconds": 29000,
            "tls_config": [],
            "type": "AWS_PROXY",
            "uri": "arn:aws:apigateway:us-east-1:lambda:path/2015-03-31/functions/arn:aws:lambda:us-east-1:235899054833:function:card-transaction-save-lambda/invocations"
          },
          "sensitive_attributes": [],
          "identity_schema_version": 0,
          "private": "bnVsbA==",
          "dependencies": [
            "module.pig_bank_infrastructure.aws_api_gateway_method.post_save",
            "module.pig_bank_infrastructure.aws_api_gateway_resource.transactions",
            "module.pig_bank_infrastructure.aws_api_gateway_resource.tx_save",
            "module.pig_bank_infrastructure.aws_api_gateway_resource.tx_save_id",
            "module.pig_bank_infrastructure.aws_api_gateway_rest_api.api",
            "module.pig_bank_infrastructure.aws_iam_role.lambda_role",
            "module.pig_bank_infrastructure.aws_lambda_function.save_transaction",
            "module.pig_bank_infrastructure.aws_sqs_queue.notification_queue"
          ]
        }
      ]
    },
    {
      "module": "module.pig_bank_infrastructure",
      "mode": "managed",
      "type": "aws_api_gateway_method",
      "name": "post_activate",
      "provider": "module.pig_bank_infrastructure.provider[\"registry.terraform.io/hashicorp/aws\"]",
      "instances": [
        {
          "schema_version": 0,
          "attributes": {
            "api_key_required": false,
            "authorization": "NONE",
            "authorization_scopes": [],
            "authorizer_id": "",
            "http_method": "POST",
            "id": "agm-qlwfaz7rt5-p82xvw-POST",
            "operation_name": "",
            "region": "us-east-1",
            "request_models": {},
            "request_parameters": {},
            "request_validator_id": "",
            "resource_id": "p82xvw",
            "rest_api_id": "qlwfaz7rt5"
          },
          "sensitive_attributes": [],
          "identity_schema_version": 0,
          "private": "bnVsbA==",
          "dependencies": [
            "module.pig_bank_infrastructure.aws_api_gateway_resource.card",
            "module.pig_bank_infrastructure.aws_api_gateway_resource.card_activate",
            "module.pig_bank_infrastructure.aws_api_gateway_rest_api.api"
          ]
        }
      ]
    },
    {
      "module": "module.pig_bank_infrastructure",
      "mode": "managed",
      "type": "aws_api_gateway_method",
      "name": "post_paid",
      "provider": "module.pig_bank_infrastructure.provider[\"registry.terraform.io/hashicorp/aws\"]",
      "instances": [
        {
          "schema_version": 0,
          "attributes": {
            "api_key_required": false,
            "authorization": "NONE",
            "authorization_scopes": [],
            "authorizer_id": "",
            "http_method": "POST",
            "id": "agm-qlwfaz7rt5-ix7lz5-POST",
            "operation_name": "",
            "region": "us-east-1",
            "request_models": {},
            "request_parameters": {},
            "request_validator_id": "",
            "resource_id": "ix7lz5",
            "rest_api_id": "qlwfaz7rt5"
          },
          "sensitive_attributes": [],
          "identity_schema_version": 0,
          "private": "bnVsbA==",
          "dependencies": [
            "module.pig_bank_infrastructure.aws_api_gateway_resource.card",
            "module.pig_bank_infrastructure.aws_api_gateway_resource.card_paid",
            "module.pig_bank_infrastructure.aws_api_gateway_resource.card_paid_id",
            "module.pig_bank_infrastructure.aws_api_gateway_rest_api.api"
          ]
        }
      ]
    },
    {
      "module": "module.pig_bank_infrastructure",
      "mode": "managed",
      "type": "aws_api_gateway_method",
      "name": "post_purchase",
      "provider": "module.pig_bank_infrastructure.provider[\"registry.terraform.io/hashicorp/aws\"]",
      "instances": [
        {
          "schema_version": 0,
          "attributes": {
            "api_key_required": false,
            "authorization": "NONE",
            "authorization_scopes": [],
            "authorizer_id": "",
            "http_method": "POST",
            "id": "agm-qlwfaz7rt5-48sgla-POST",
            "operation_name": "",
            "region": "us-east-1",
            "request_models": {},
            "request_parameters": {},
            "request_validator_id": "",
            "resource_id": "48sgla",
            "rest_api_id": "qlwfaz7rt5"
          },
          "sensitive_attributes": [],
          "identity_schema_version": 0,
          "private": "bnVsbA==",
          "dependencies": [
            "module.pig_bank_infrastructure.aws_api_gateway_resource.transactions",
            "module.pig_bank_infrastructure.aws_api_gateway_resource.tx_purchase",
            "module.pig_bank_infrastructure.aws_api_gateway_rest_api.api"
          ]
        }
      ]
    },
    {
      "module": "module.pig_bank_infrastructure",
      "mode": "managed",
      "type": "aws_api_gateway_method",
      "name": "post_request",
      "provider": "module.pig_bank_infrastructure.provider[\"registry.terraform.io/hashicorp/aws\"]",
      "instances": [
        {
          "schema_version": 0,
          "attributes": {
            "api_key_required": false,
            "authorization": "NONE",
            "authorization_scopes": [],
            "authorizer_id": "",
            "http_method": "POST",
            "id": "agm-qlwfaz7rt5-bxbzy1-POST",
            "operation_name": "",
            "region": "us-east-1",
            "request_models": {},
            "request_parameters": {},
            "request_validator_id": "",
            "resource_id": "bxbzy1",
            "rest_api_id": "qlwfaz7rt5"
          },
          "sensitive_attributes": [],
          "identity_schema_version": 0,
          "private": "bnVsbA==",
          "dependencies": [
            "module.pig_bank_infrastructure.aws_api_gateway_resource.card",
            "module.pig_bank_infrastructure.aws_api_gateway_resource.card_request",
            "module.pig_bank_infrastructure.aws_api_gateway_rest_api.api"
          ]
        }
      ]
    },
    {
      "module": "module.pig_bank_infrastructure",
      "mode": "managed",
      "type": "aws_api_gateway_method",
      "name": "post_save",
      "provider": "module.pig_bank_infrastructure.provider[\"registry.terraform.io/hashicorp/aws\"]",
      "instances": [
        {
          "schema_version": 0,
          "attributes": {
            "api_key_required": false,
            "authorization": "NONE",
            "authorization_scopes": [],
            "authorizer_id": "",
            "http_method": "POST",
            "id": "agm-qlwfaz7rt5-p67ajq-POST",
            "operation_name": "",
            "region": "us-east-1",
            "request_models": {},
            "request_parameters": {},
            "request_validator_id": "",
            "resource_id": "p67ajq",
            "rest_api_id": "qlwfaz7rt5"
          },
          "sensitive_attributes": [],
          "identity_schema_version": 0,
          "private": "bnVsbA==",
          "dependencies": [
            "module.pig_bank_infrastructure.aws_api_gateway_resource.transactions",
            "module.pig_bank_infrastructure.aws_api_gateway_resource.tx_save",
            "module.pig_bank_infrastructure.aws_api_gateway_resource.tx_save_id",
            "module.pig_bank_infrastructure.aws_api_gateway_rest_api.api"
          ]
        }
      ]
    },
    {
      "module": "module.pig_bank_infrastructure",
      "mode": "managed",
      "type": "aws_api_gateway_resource",
      "name": "card",
      "provider": "module.pig_bank_infrastructure.provider[\"registry.terraform.io/hashicorp/aws\"]",
      "instances": [
        {
          "schema_version": 0,
          "attributes": {
            "id": "x6cvoa",
            "parent_id": "8246lqmaa9",
            "path": "/card",
            "path_part": "card",
            "region": "us-east-1",
            "rest_api_id": "qlwfaz7rt5"
          },
          "sensitive_attributes": [],
          "identity_schema_version": 0,
          "private": "bnVsbA==",
          "dependencies": [
            "module.pig_bank_infrastructure.aws_api_gateway_rest_api.api"
          ]
        }
      ]
    },
    {
      "module": "module.pig_bank_infrastructure",
      "mode": "managed",
      "type": "aws_api_gateway_resource",
      "name": "card_activate",
      "provider": "module.pig_bank_infrastructure.provider[\"registry.terraform.io/hashicorp/aws\"]",
      "instances": [
        {
          "schema_version": 0,
          "attributes": {
            "id": "p82xvw",
            "parent_id": "x6cvoa",
            "path": "/card/activate",
            "path_part": "activate",
            "region": "us-east-1",
            "rest_api_id": "qlwfaz7rt5"
          },
          "sensitive_attributes": [],
          "identity_schema_version": 0,
          "private": "bnVsbA==",
          "dependencies": [
            "module.pig_bank_infrastructure.aws_api_gateway_resource.card",
            "module.pig_bank_infrastructure.aws_api_gateway_rest_api.api"
          ]
        }
      ]
    },
    {
      "module": "module.pig_bank_infrastructure",
      "mode": "managed",
      "type": "aws_api_gateway_resource",
      "name": "card_paid",
      "provider": "module.pig_bank_infrastructure.provider[\"registry.terraform.io/hashicorp/aws\"]",
      "instances": [
        {
          "schema_version": 0,
          "attributes": {
            "id": "h5ag6f",
            "parent_id": "x6cvoa",
            "path": "/card/paid",
            "path_part": "paid",
            "region": "us-east-1",
            "rest_api_id": "qlwfaz7rt5"
          },
          "sensitive_attributes": [],
          "identity_schema_version": 0,
          "private": "bnVsbA==",
          "dependencies": [
            "module.pig_bank_infrastructure.aws_api_gateway_resource.card",
            "module.pig_bank_infrastructure.aws_api_gateway_rest_api.api"
          ]
        }
      ]
    },
    {
      "module": "module.pig_bank_infrastructure",
      "mode": "managed",
      "type": "aws_api_gateway_resource",
      "name": "card_paid_id",
      "provider": "module.pig_bank_infrastructure.provider[\"registry.terraform.io/hashicorp/aws\"]",
      "instances": [
        {
          "schema_version": 0,
          "attributes": {
            "id": "ix7lz5",
            "parent_id": "h5ag6f",
            "path": "/card/paid/{card_id}",
            "path_part": "{card_id}",
            "region": "us-east-1",
            "rest_api_id": "qlwfaz7rt5"
          },
          "sensitive_attributes": [],
          "identity_schema_version": 0,
          "private": "bnVsbA==",
          "dependencies": [
            "module.pig_bank_infrastructure.aws_api_gateway_resource.card",
            "module.pig_bank_infrastructure.aws_api_gateway_resource.card_paid",
            "module.pig_bank_infrastructure.aws_api_gateway_rest_api.api"
          ]
        }
      ]
    },
    {
      "module": "module.pig_bank_infrastructure",
      "mode": "managed",
      "type": "aws_api_gateway_resource",
      "name": "card_request",
      "provider": "module.pig_bank_infrastructure.provider[\"registry.terraform.io/hashicorp/aws\"]",
      "instances": [
        {
          "schema_version": 0,
          "attributes": {
            "id": "bxbzy1",
            "parent_id": "x6cvoa",
            "path": "/card/request",
            "path_part": "request",
            "region": "us-east-1",
            "rest_api_id": "qlwfaz7rt5"
          },
          "sensitive_attributes": [],
          "identity_schema_version": 0,
          "private": "bnVsbA==",
          "dependencies": [
            "module.pig_bank_infrastructure.aws_api_gateway_resource.card",
            "module.pig_bank_infrastructure.aws_api_gateway_rest_api.api"
          ]
        }
      ]
    },
    {
      "module": "module.pig_bank_infrastructure",
      "mode": "managed",
      "type": "aws_api_gateway_resource",
      "name": "transactions",
      "provider": "module.pig_bank_infrastructure.provider[\"registry.terraform.io/hashicorp/aws\"]",
      "instances": [
        {
          "schema_version": 0,
          "attributes": {
            "id": "crgjoj",
            "parent_id": "8246lqmaa9",
            "path": "/transactions",
            "path_part": "transactions",
            "region": "us-east-1",
            "rest_api_id": "qlwfaz7rt5"
          },
          "sensitive_attributes": [],
          "identity_schema_version": 0,
          "private": "bnVsbA==",
          "dependencies": [
            "module.pig_bank_infrastructure.aws_api_gateway_rest_api.api"
          ]
        }
      ]
    },
    {
      "module": "module.pig_bank_infrastructure",
      "mode": "managed",
      "type": "aws_api_gateway_resource",
      "name": "tx_purchase",
      "provider": "module.pig_bank_infrastructure.provider[\"registry.terraform.io/hashicorp/aws\"]",
      "instances": [
        {
          "schema_version": 0,
          "attributes": {
            "id": "48sgla",
            "parent_id": "crgjoj",
            "path": "/transactions/purchase",
            "path_part": "purchase",
            "region": "us-east-1",
            "rest_api_id": "qlwfaz7rt5"
          },
          "sensitive_attributes": [],
          "identity_schema_version": 0,
          "private": "bnVsbA==",
          "dependencies": [
            "module.pig_bank_infrastructure.aws_api_gateway_resource.transactions",
            "module.pig_bank_infrastructure.aws_api_gateway_rest_api.api"
          ]
        }
      ]
    },
    {
      "module": "module.pig_bank_infrastructure",
      "mode": "managed",
      "type": "aws_api_gateway_resource",
      "name": "tx_save",
      "provider": "module.pig_bank_infrastructure.provider[\"registry.terraform.io/hashicorp/aws\"]",
      "instances": [
        {
          "schema_version": 0,
          "attributes": {
            "id": "rwe788",
            "parent_id": "crgjoj",
            "path": "/transactions/save",
            "path_part": "save",
            "region": "us-east-1",
            "rest_api_id": "qlwfaz7rt5"
          },
          "sensitive_attributes": [],
          "identity_schema_version": 0,
          "private": "bnVsbA==",
          "dependencies": [
            "module.pig_bank_infrastructure.aws_api_gateway_resource.transactions",
            "module.pig_bank_infrastructure.aws_api_gateway_rest_api.api"
          ]
        }
      ]
    },
    {
      "module": "module.pig_bank_infrastructure",
      "mode": "managed",
      "type": "aws_api_gateway_resource",
      "name": "tx_save_id",
      "provider": "module.pig_bank_infrastructure.provider[\"registry.terraform.io/hashicorp/aws\"]",
      "instances": [
        {
          "schema_version": 0,
          "attributes": {
            "id": "p67ajq",
            "parent_id": "rwe788",
            "path": "/transactions/save/{card_id}",
            "path_part": "{card_id}",
            "region": "us-east-1",
            "rest_api_id": "qlwfaz7rt5"
          },
          "sensitive_attributes": [],
          "identity_schema_version": 0,
          "private": "bnVsbA==",
          "dependencies": [
            "module.pig_bank_infrastructure.aws_api_gateway_resource.transactions",
            "module.pig_bank_infrastructure.aws_api_gateway_resource.tx_save",
            "module.pig_bank_infrastructure.aws_api_gateway_rest_api.api"
          ]
        }
      ]
    },
    {
      "module": "module.pig_bank_infrastructure",
      "mode": "managed",
      "type": "aws_api_gateway_rest_api",
      "name": "api",
      "provider": "module.pig_bank_infrastructure.provider[\"registry.terraform.io/hashicorp/aws\"]",
      "instances": [
        {
          "schema_version": 0,
          "attributes": {
            "api_key_source": "HEADER",
            "arn": "arn:aws:apigateway:us-east-1::/restapis/qlwfaz7rt5",
            "binary_media_types": [],
            "body": null,
            "created_date": "2026-03-09T17:53:10Z",
            "description": "",
            "disable_execute_api_endpoint": false,
            "endpoint_configuration": [
              {
                "ip_address_type": "ipv4",
                "types": [
                  "EDGE"
                ],
                "vpc_endpoint_ids": []
              }
            ],
            "execution_arn": "arn:aws:execute-api:us-east-1:235899054833:qlwfaz7rt5",
            "fail_on_warnings": null,
            "id": "qlwfaz7rt5",
            "minimum_compression_size": "",
            "name": "pig-bank-card-api",
            "parameters": null,
            "policy": "",
            "put_rest_api_mode": null,
            "region": "us-east-1",
            "root_resource_id": "8246lqmaa9",
            "tags": {},
            "tags_all": {}
          },
          "sensitive_attributes": [],
          "identity_schema_version": 0,
          "private": "bnVsbA=="
        }
      ]
    },
    {
      "module": "module.pig_bank_infrastructure",
      "mode": "managed",
      "type": "aws_api_gateway_stage",
      "name": "api_stage",
      "provider": "module.pig_bank_infrastructure.provider[\"registry.terraform.io/hashicorp/aws\"]",
      "instances": [
        {
          "schema_version": 0,
          "attributes": {
            "access_log_settings": [],
            "arn": "arn:aws:apigateway:us-east-1::/restapis/qlwfaz7rt5/stages/prod",
            "cache_cluster_enabled": false,
            "cache_cluster_size": "",
            "canary_settings": [],
            "client_certificate_id": "",
            "deployment_id": "i4se5o",
            "description": "",
            "documentation_version": "",
            "execution_arn": "arn:aws:execute-api:us-east-1:235899054833:qlwfaz7rt5/prod",
            "id": "ags-qlwfaz7rt5-prod",
            "invoke_url": "https://qlwfaz7rt5.execute-api.us-east-1.amazonaws.com/prod",
            "region": "us-east-1",
            "rest_api_id": "qlwfaz7rt5",
            "stage_name": "prod",
            "tags": {},
            "tags_all": {},
            "variables": {},
            "web_acl_arn": "",
            "xray_tracing_enabled": false
          },
          "sensitive_attributes": [],
          "identity_schema_version": 0,
          "private": "bnVsbA==",
          "dependencies": [
            "module.pig_bank_infrastructure.aws_api_gateway_deployment.api_deployment",
            "module.pig_bank_infrastructure.aws_api_gateway_integration.int_activate",
            "module.pig_bank_infrastructure.aws_api_gateway_integration.int_paid",
            "module.pig_bank_infrastructure.aws_api_gateway_integration.int_purchase",
            "module.pig_bank_infrastructure.aws_api_gateway_integration.int_request",
            "module.pig_bank_infrastructure.aws_api_gateway_integration.int_save",
            "module.pig_bank_infrastructure.aws_api_gateway_method.post_activate",
            "module.pig_bank_infrastructure.aws_api_gateway_method.post_paid",
            "module.pig_bank_infrastructure.aws_api_gateway_method.post_purchase",
            "module.pig_bank_infrastructure.aws_api_gateway_method.post_request",
            "module.pig_bank_infrastructure.aws_api_gateway_method.post_save",
            "module.pig_bank_infrastructure.aws_api_gateway_resource.card",
            "module.pig_bank_infrastructure.aws_api_gateway_resource.card_activate",
            "module.pig_bank_infrastructure.aws_api_gateway_resource.card_paid",
            "module.pig_bank_infrastructure.aws_api_gateway_resource.card_paid_id",
            "module.pig_bank_infrastructure.aws_api_gateway_resource.card_request",
            "module.pig_bank_infrastructure.aws_api_gateway_resource.transactions",
            "module.pig_bank_infrastructure.aws_api_gateway_resource.tx_purchase",
            "module.pig_bank_infrastructure.aws_api_gateway_resource.tx_save",
            "module.pig_bank_infrastructure.aws_api_gateway_resource.tx_save_id",
            "module.pig_bank_infrastructure.aws_api_gateway_rest_api.api",
            "module.pig_bank_infrastructure.aws_iam_role.lambda_role",
            "module.pig_bank_infrastructure.aws_lambda_function.activate_card",
            "module.pig_bank_infrastructure.aws_lambda_function.create_card",
            "module.pig_bank_infrastructure.aws_lambda_function.paid_credit",
            "module.pig_bank_infrastructure.aws_lambda_function.purchase_card",
            "module.pig_bank_infrastructure.aws_lambda_function.save_transaction",
            "module.pig_bank_infrastructure.aws_sqs_queue.notification_queue"
          ]
        }
      ]
    },
    {
      "module": "module.pig_bank_infrastructure",
      "mode": "managed",
      "type": "aws_dynamodb_table",
      "name": "card_table",
      "provider": "module.pig_bank_infrastructure.provider[\"registry.terraform.io/hashicorp/aws\"]",
      "instances": [
        {
          "schema_version": 1,
          "attributes": {
            "arn": "arn:aws:dynamodb:us-east-1:235899054833:table/card-table",
            "attribute": [
              {
                "name": "user_id",
                "type": "S"
              },
              {
                "name": "uuid",
                "type": "S"
              }
            ],
            "billing_mode": "PAY_PER_REQUEST",
            "deletion_protection_enabled": false,
            "global_secondary_index": [
              {
                "hash_key": "user_id",
                "key_schema": [
                  {
                    "attribute_name": "user_id",
                    "key_type": "HASH"
                  }
                ],
                "name": "UserIdIndex",
                "non_key_attributes": [],
                "on_demand_throughput": [],
                "projection_type": "ALL",
                "range_key": "",
                "read_capacity": 0,
                "warm_throughput": [],
                "write_capacity": 0
              }
            ],
            "global_table_witness": [],
            "hash_key": "uuid",
            "id": "card-table",
            "import_table": [],
            "local_secondary_index": [],
            "name": "card-table",
            "on_demand_throughput": [],
            "point_in_time_recovery": [
              {
                "enabled": false,
                "recovery_period_in_days": 0
              }
            ],
            "range_key": null,
            "read_capacity": 0,
            "region": "us-east-1",
            "replica": [],
            "restore_date_time": null,
            "restore_source_name": null,
            "restore_source_table_arn": null,
            "restore_to_latest_time": null,
            "server_side_encryption": [],
            "stream_arn": "",
            "stream_enabled": false,
            "stream_label": "",
            "stream_view_type": "",
            "table_class": "STANDARD",
            "tags": {},
            "tags_all": {},
            "timeouts": null,
            "ttl": [
              {
                "attribute_name": "",
                "enabled": false
              }
            ],
            "warm_throughput": [],
            "write_capacity": 0
          },
          "sensitive_attributes": [],
          "identity_schema_version": 0,
          "private": "eyJlMmJmYjczMC1lY2FhLTExZTYtOGY4OC0zNDM2M2JjN2M0YzAiOnsiY3JlYXRlIjoxODAwMDAwMDAwMDAwLCJkZWxldGUiOjYwMDAwMDAwMDAwMCwidXBkYXRlIjozNjAwMDAwMDAwMDAwfSwic2NoZW1hX3ZlcnNpb24iOiIxIn0="
        }
      ]
    },
    {
      "module": "module.pig_bank_infrastructure",
      "mode": "managed",
      "type": "aws_dynamodb_table",
      "name": "card_table_error",
      "provider": "module.pig_bank_infrastructure.provider[\"registry.terraform.io/hashicorp/aws\"]",
      "instances": [
        {
          "schema_version": 1,
          "attributes": {
            "arn": "arn:aws:dynamodb:us-east-1:235899054833:table/card-table-error",
            "attribute": [
              {
                "name": "uuid",
                "type": "S"
              }
            ],
            "billing_mode": "PAY_PER_REQUEST",
            "deletion_protection_enabled": false,
            "global_secondary_index": [],
            "global_table_witness": [],
            "hash_key": "uuid",
            "id": "card-table-error",
            "import_table": [],
            "local_secondary_index": [],
            "name": "card-table-error",
            "on_demand_throughput": [],
            "point_in_time_recovery": [
              {
                "enabled": false,
                "recovery_period_in_days": 0
              }
            ],
            "range_key": null,
            "read_capacity": 0,
            "region": "us-east-1",
            "replica": [],
            "restore_date_time": null,
            "restore_source_name": null,
            "restore_source_table_arn": null,
            "restore_to_latest_time": null,
            "server_side_encryption": [],
            "stream_arn": "",
            "stream_enabled": false,
            "stream_label": "",
            "stream_view_type": "",
            "table_class": "STANDARD",
            "tags": {},
            "tags_all": {},
            "timeouts": null,
            "ttl": [
              {
                "attribute_name": "",
                "enabled": false
              }
            ],
            "warm_throughput": [],
            "write_capacity": 0
          },
          "sensitive_attributes": [],
          "identity_schema_version": 0,
          "private": "eyJlMmJmYjczMC1lY2FhLTExZTYtOGY4OC0zNDM2M2JjN2M0YzAiOnsiY3JlYXRlIjoxODAwMDAwMDAwMDAwLCJkZWxldGUiOjYwMDAwMDAwMDAwMCwidXBkYXRlIjozNjAwMDAwMDAwMDAwfSwic2NoZW1hX3ZlcnNpb24iOiIxIn0="
        }
      ]
    },
    {
      "module": "module.pig_bank_infrastructure",
      "mode": "managed",
      "type": "aws_dynamodb_table",
      "name": "transaction_table",
      "provider": "module.pig_bank_infrastructure.provider[\"registry.terraform.io/hashicorp/aws\"]",
      "instances": [
        {
          "schema_version": 1,
          "attributes": {
            "arn": "arn:aws:dynamodb:us-east-1:235899054833:table/transaction-table",
            "attribute": [
              {
                "name": "uuid",
                "type": "S"
              }
            ],
            "billing_mode": "PAY_PER_REQUEST",
            "deletion_protection_enabled": false,
            "global_secondary_index": [],
            "global_table_witness": [],
            "hash_key": "uuid",
            "id": "transaction-table",
            "import_table": [],
            "local_secondary_index": [],
            "name": "transaction-table",
            "on_demand_throughput": [],
            "point_in_time_recovery": [
              {
                "enabled": false,
                "recovery_period_in_days": 0
              }
            ],
            "range_key": null,
            "read_capacity": 0,
            "region": "us-east-1",
            "replica": [],
            "restore_date_time": null,
            "restore_source_name": null,
            "restore_source_table_arn": null,
            "restore_to_latest_time": null,
            "server_side_encryption": [],
            "stream_arn": "",
            "stream_enabled": false,
            "stream_label": "",
            "stream_view_type": "",
            "table_class": "STANDARD",
            "tags": {},
            "tags_all": {},
            "timeouts": null,
            "ttl": [
              {
                "attribute_name": "",
                "enabled": false
              }
            ],
            "warm_throughput": [],
            "write_capacity": 0
          },
          "sensitive_attributes": [],
          "identity_schema_version": 0,
          "private": "eyJlMmJmYjczMC1lY2FhLTExZTYtOGY4OC0zNDM2M2JjN2M0YzAiOnsiY3JlYXRlIjoxODAwMDAwMDAwMDAwLCJkZWxldGUiOjYwMDAwMDAwMDAwMCwidXBkYXRlIjozNjAwMDAwMDAwMDAwfSwic2NoZW1hX3ZlcnNpb24iOiIxIn0="
        }
      ]
    },
    {
      "module": "module.pig_bank_infrastructure",
      "mode": "managed",
      "type": "aws_iam_role",
      "name": "lambda_role",
      "provider": "module.pig_bank_infrastructure.provider[\"registry.terraform.io/hashicorp/aws\"]",
      "instances": [
        {
          "schema_version": 0,
          "attributes": {
            "arn": "arn:aws:iam::235899054833:role/pig_bank_lambda_role",
            "assume_role_policy": "{\"Statement\":[{\"Action\":\"sts:AssumeRole\",\"Effect\":\"Allow\",\"Principal\":{\"Service\":\"lambda.amazonaws.com\"}}],\"Version\":\"2012-10-17\"}",
            "create_date": "2026-03-09T18:10:14Z",
            "description": "",
            "force_detach_policies": false,
            "id": "pig_bank_lambda_role",
            "inline_policy": [],
            "managed_policy_arns": [
              "arn:aws:iam::aws:policy/AdministratorAccess"
            ],
            "max_session_duration": 3600,
            "name": "pig_bank_lambda_role",
            "name_prefix": "",
            "path": "/",
            "permissions_boundary": "",
            "tags": {},
            "tags_all": {},
            "unique_id": "AROATN3FN5LY7DXY22D5T"
          },
          "sensitive_attributes": [],
          "identity_schema_version": 0,
          "identity": {
            "account_id": "235899054833",
            "name": "pig_bank_lambda_role"
          },
          "private": "bnVsbA=="
        }
      ]
    },
    {
      "module": "module.pig_bank_infrastructure",
      "mode": "managed",
      "type": "aws_iam_role_policy_attachment",
      "name": "lambda_policy_attach",
      "provider": "module.pig_bank_infrastructure.provider[\"registry.terraform.io/hashicorp/aws\"]",
      "instances": [
        {
          "schema_version": 0,
          "attributes": {
            "id": "pig_bank_lambda_role/arn:aws:iam::aws:policy/AdministratorAccess",
            "policy_arn": "arn:aws:iam::aws:policy/AdministratorAccess",
            "role": "pig_bank_lambda_role"
          },
          "sensitive_attributes": [],
          "identity_schema_version": 0,
          "identity": {
            "account_id": "235899054833",
            "policy_arn": "arn:aws:iam::aws:policy/AdministratorAccess",
            "role": "pig_bank_lambda_role"
          },
          "private": "bnVsbA==",
          "dependencies": [
            "module.pig_bank_infrastructure.aws_iam_role.lambda_role"
          ]
        }
      ]
    },
    {
      "module": "module.pig_bank_infrastructure",
      "mode": "managed",
      "type": "aws_lambda_function",
      "name": "activate_card",
      "provider": "module.pig_bank_infrastructure.provider[\"registry.terraform.io/hashicorp/aws\"]",
      "instances": [
        {
          "schema_version": 0,
          "attributes": {
            "architectures": [
              "x86_64"
            ],
            "arn": "arn:aws:lambda:us-east-1:235899054833:function:card-activate-lambda",
            "capacity_provider_config": [],
            "code_sha256": "ua7yRTQhmJblx/8AE33MTpWnxNGMzt7ULz0/Dg0VIO0=",
            "code_signing_config_arn": "",
            "dead_letter_config": [],
            "description": "",
            "durable_config": [],
            "environment": [
              {
                "variables": {
                  "AWS_SQS_QUEUE_URL": "https://sqs.us-east-1.amazonaws.com/235899054833/notification-email-sqs"
                }
              }
            ],
            "ephemeral_storage": [
              {
                "size": 512
              }
            ],
            "file_system_config": [],
            "filename": "./lambda.zip",
            "function_name": "card-activate-lambda",
            "handler": "dist/card-activate-lambda.handler",
            "id": "card-activate-lambda",
            "image_config": [],
            "image_uri": "",
            "invoke_arn": "arn:aws:apigateway:us-east-1:lambda:path/2015-03-31/functions/arn:aws:lambda:us-east-1:235899054833:function:card-activate-lambda/invocations",
            "kms_key_arn": "",
            "last_modified": "2026-03-09T20:05:07.000+0000",
            "layers": [],
            "logging_config": [
              {
                "application_log_level": "",
                "log_format": "Text",
                "log_group": "/aws/lambda/card-activate-lambda",
                "system_log_level": ""
              }
            ],
            "memory_size": 128,
            "package_type": "Zip",
            "publish": false,
            "publish_to": null,
            "qualified_arn": "arn:aws:lambda:us-east-1:235899054833:function:card-activate-lambda:$LATEST",
            "qualified_invoke_arn": "arn:aws:apigateway:us-east-1:lambda:path/2015-03-31/functions/arn:aws:lambda:us-east-1:235899054833:function:card-activate-lambda:$LATEST/invocations",
            "region": "us-east-1",
            "replace_security_groups_on_destroy": null,
            "replacement_security_group_ids": null,
            "reserved_concurrent_executions": -1,
            "response_streaming_invoke_arn": "arn:aws:apigateway:us-east-1:lambda:path/2021-11-15/functions/arn:aws:lambda:us-east-1:235899054833:function:card-activate-lambda/response-streaming-invocations",
            "role": "arn:aws:iam::235899054833:role/pig_bank_lambda_role",
            "runtime": "nodejs24.x",
            "s3_bucket": null,
            "s3_key": null,
            "s3_object_version": null,
            "signing_job_arn": "",
            "signing_profile_version_arn": "",
            "skip_destroy": false,
            "snap_start": [],
            "source_code_hash": "ua7yRTQhmJblx/8AE33MTpWnxNGMzt7ULz0/Dg0VIO0=",
            "source_code_size": 13300,
            "source_kms_key_arn": "",
            "tags": {},
            "tags_all": {},
            "tenancy_config": [],
            "timeout": 3,
            "timeouts": null,
            "tracing_config": [
              {
                "mode": "PassThrough"
              }
            ],
            "version": "$LATEST",
            "vpc_config": []
          },
          "sensitive_attributes": [],
          "identity_schema_version": 0,
          "identity": {
            "account_id": "235899054833",
            "function_name": "card-activate-lambda",
            "region": "us-east-1"
          },
          "private": "eyJlMmJmYjczMC1lY2FhLTExZTYtOGY4OC0zNDM2M2JjN2M0YzAiOnsiY3JlYXRlIjo2MDAwMDAwMDAwMDAsImRlbGV0ZSI6NjAwMDAwMDAwMDAwLCJ1cGRhdGUiOjYwMDAwMDAwMDAwMH19",
          "dependencies": [
            "module.pig_bank_infrastructure.aws_iam_role.lambda_role",
            "module.pig_bank_infrastructure.aws_sqs_queue.notification_queue"
          ]
        }
      ]
    },
    {
      "module": "module.pig_bank_infrastructure",
      "mode": "managed",
      "type": "aws_lambda_function",
      "name": "create_card",
      "provider": "module.pig_bank_infrastructure.provider[\"registry.terraform.io/hashicorp/aws\"]",
      "instances": [
        {
          "schema_version": 0,
          "attributes": {
            "architectures": [
              "x86_64"
            ],
            "arn": "arn:aws:lambda:us-east-1:235899054833:function:create-request-card-lambda",
            "capacity_provider_config": [],
            "code_sha256": "ua7yRTQhmJblx/8AE33MTpWnxNGMzt7ULz0/Dg0VIO0=",
            "code_signing_config_arn": "",
            "dead_letter_config": [],
            "description": "",
            "durable_config": [],
            "environment": [
              {
                "variables": {
                  "AWS_SQS_QUEUE_URL": "https://sqs.us-east-1.amazonaws.com/235899054833/notification-email-sqs"
                }
              }
            ],
            "ephemeral_storage": [
              {
                "size": 512
              }
            ],
            "file_system_config": [],
            "filename": "./lambda.zip",
            "function_name": "create-request-card-lambda",
            "handler": "dist/create-request-card-lambda.handler",
            "id": "create-request-card-lambda",
            "image_config": [],
            "image_uri": "",
            "invoke_arn": "arn:aws:apigateway:us-east-1:lambda:path/2015-03-31/functions/arn:aws:lambda:us-east-1:235899054833:function:create-request-card-lambda/invocations",
            "kms_key_arn": "",
            "last_modified": "2026-03-09T20:05:27.000+0000",
            "layers": [],
            "logging_config": [
              {
                "application_log_level": "",
                "log_format": "Text",
                "log_group": "/aws/lambda/create-request-card-lambda",
                "system_log_level": ""
              }
            ],
            "memory_size": 128,
            "package_type": "Zip",
            "publish": false,
            "publish_to": null,
            "qualified_arn": "arn:aws:lambda:us-east-1:235899054833:function:create-request-card-lambda:$LATEST",
            "qualified_invoke_arn": "arn:aws:apigateway:us-east-1:lambda:path/2015-03-31/functions/arn:aws:lambda:us-east-1:235899054833:function:create-request-card-lambda:$LATEST/invocations",
            "region": "us-east-1",
            "replace_security_groups_on_destroy": null,
            "replacement_security_group_ids": null,
            "reserved_concurrent_executions": -1,
            "response_streaming_invoke_arn": "arn:aws:apigateway:us-east-1:lambda:path/2021-11-15/functions/arn:aws:lambda:us-east-1:235899054833:function:create-request-card-lambda/response-streaming-invocations",
            "role": "arn:aws:iam::235899054833:role/pig_bank_lambda_role",
            "runtime": "nodejs24.x",
            "s3_bucket": null,
            "s3_key": null,
            "s3_object_version": null,
            "signing_job_arn": "",
            "signing_profile_version_arn": "",
            "skip_destroy": false,
            "snap_start": [],
            "source_code_hash": "ua7yRTQhmJblx/8AE33MTpWnxNGMzt7ULz0/Dg0VIO0=",
            "source_code_size": 13300,
            "source_kms_key_arn": "",
            "tags": {},
            "tags_all": {},
            "tenancy_config": [],
            "timeout": 3,
            "timeouts": null,
            "tracing_config": [
              {
                "mode": "PassThrough"
              }
            ],
            "version": "$LATEST",
            "vpc_config": []
          },
          "sensitive_attributes": [],
          "identity_schema_version": 0,
          "identity": {
            "account_id": "235899054833",
            "function_name": "create-request-card-lambda",
            "region": "us-east-1"
          },
          "private": "eyJlMmJmYjczMC1lY2FhLTExZTYtOGY4OC0zNDM2M2JjN2M0YzAiOnsiY3JlYXRlIjo2MDAwMDAwMDAwMDAsImRlbGV0ZSI6NjAwMDAwMDAwMDAwLCJ1cGRhdGUiOjYwMDAwMDAwMDAwMH19",
          "dependencies": [
            "module.pig_bank_infrastructure.aws_iam_role.lambda_role",
            "module.pig_bank_infrastructure.aws_sqs_queue.notification_queue"
          ]
        }
      ]
    },
    {
      "module": "module.pig_bank_infrastructure",
      "mode": "managed",
      "type": "aws_lambda_function",
      "name": "paid_credit",
      "provider": "module.pig_bank_infrastructure.provider[\"registry.terraform.io/hashicorp/aws\"]",
      "instances": [
        {
          "schema_version": 0,
          "attributes": {
            "architectures": [
              "x86_64"
            ],
            "arn": "arn:aws:lambda:us-east-1:235899054833:function:card-paid-credit-lambda",
            "capacity_provider_config": [],
            "code_sha256": "ua7yRTQhmJblx/8AE33MTpWnxNGMzt7ULz0/Dg0VIO0=",
            "code_signing_config_arn": "",
            "dead_letter_config": [],
            "description": "",
            "durable_config": [],
            "environment": [
              {
                "variables": {
                  "AWS_SQS_QUEUE_URL": "https://sqs.us-east-1.amazonaws.com/235899054833/notification-email-sqs"
                }
              }
            ],
            "ephemeral_storage": [
              {
                "size": 512
              }
            ],
            "file_system_config": [],
            "filename": "./lambda.zip",
            "function_name": "card-paid-credit-lambda",
            "handler": "dist/card-paid-credit-card-lambda.handler",
            "id": "card-paid-credit-lambda",
            "image_config": [],
            "image_uri": "",
            "invoke_arn": "arn:aws:apigateway:us-east-1:lambda:path/2015-03-31/functions/arn:aws:lambda:us-east-1:235899054833:function:card-paid-credit-lambda/invocations",
            "kms_key_arn": "",
            "last_modified": "2026-03-09T20:05:19.000+0000",
            "layers": [],
            "logging_config": [
              {
                "application_log_level": "",
                "log_format": "Text",
                "log_group": "/aws/lambda/card-paid-credit-lambda",
                "system_log_level": ""
              }
            ],
            "memory_size": 128,
            "package_type": "Zip",
            "publish": false,
            "publish_to": null,
            "qualified_arn": "arn:aws:lambda:us-east-1:235899054833:function:card-paid-credit-lambda:$LATEST",
            "qualified_invoke_arn": "arn:aws:apigateway:us-east-1:lambda:path/2015-03-31/functions/arn:aws:lambda:us-east-1:235899054833:function:card-paid-credit-lambda:$LATEST/invocations",
            "region": "us-east-1",
            "replace_security_groups_on_destroy": null,
            "replacement_security_group_ids": null,
            "reserved_concurrent_executions": -1,
            "response_streaming_invoke_arn": "arn:aws:apigateway:us-east-1:lambda:path/2021-11-15/functions/arn:aws:lambda:us-east-1:235899054833:function:card-paid-credit-lambda/response-streaming-invocations",
            "role": "arn:aws:iam::235899054833:role/pig_bank_lambda_role",
            "runtime": "nodejs24.x",
            "s3_bucket": null,
            "s3_key": null,
            "s3_object_version": null,
            "signing_job_arn": "",
            "signing_profile_version_arn": "",
            "skip_destroy": false,
            "snap_start": [],
            "source_code_hash": "ua7yRTQhmJblx/8AE33MTpWnxNGMzt7ULz0/Dg0VIO0=",
            "source_code_size": 13300,
            "source_kms_key_arn": "",
            "tags": {},
            "tags_all": {},
            "tenancy_config": [],
            "timeout": 3,
            "timeouts": null,
            "tracing_config": [
              {
                "mode": "PassThrough"
              }
            ],
            "version": "$LATEST",
            "vpc_config": []
          },
          "sensitive_attributes": [],
          "identity_schema_version": 0,
          "identity": {
            "account_id": "235899054833",
            "function_name": "card-paid-credit-lambda",
            "region": "us-east-1"
          },
          "private": "eyJlMmJmYjczMC1lY2FhLTExZTYtOGY4OC0zNDM2M2JjN2M0YzAiOnsiY3JlYXRlIjo2MDAwMDAwMDAwMDAsImRlbGV0ZSI6NjAwMDAwMDAwMDAwLCJ1cGRhdGUiOjYwMDAwMDAwMDAwMH19",
          "dependencies": [
            "module.pig_bank_infrastructure.aws_iam_role.lambda_role",
            "module.pig_bank_infrastructure.aws_sqs_queue.notification_queue"
          ]
        }
      ]
    },
    {
      "module": "module.pig_bank_infrastructure",
      "mode": "managed",
      "type": "aws_lambda_function",
      "name": "purchase_card",
      "provider": "module.pig_bank_infrastructure.provider[\"registry.terraform.io/hashicorp/aws\"]",
      "instances": [
        {
          "schema_version": 0,
          "attributes": {
            "architectures": [
              "x86_64"
            ],
            "arn": "arn:aws:lambda:us-east-1:235899054833:function:card-purchase-lambda",
            "capacity_provider_config": [],
            "code_sha256": "ua7yRTQhmJblx/8AE33MTpWnxNGMzt7ULz0/Dg0VIO0=",
            "code_signing_config_arn": "",
            "dead_letter_config": [],
            "description": "",
            "durable_config": [],
            "environment": [
              {
                "variables": {
                  "AWS_SQS_QUEUE_URL": "https://sqs.us-east-1.amazonaws.com/235899054833/notification-email-sqs"
                }
              }
            ],
            "ephemeral_storage": [
              {
                "size": 512
              }
            ],
            "file_system_config": [],
            "filename": "./lambda.zip",
            "function_name": "card-purchase-lambda",
            "handler": "dist/card-purchase-lambda.handler",
            "id": "card-purchase-lambda",
            "image_config": [],
            "image_uri": "",
            "invoke_arn": "arn:aws:apigateway:us-east-1:lambda:path/2015-03-31/functions/arn:aws:lambda:us-east-1:235899054833:function:card-purchase-lambda/invocations",
            "kms_key_arn": "",
            "last_modified": "2026-03-09T20:05:38.000+0000",
            "layers": [],
            "logging_config": [
              {
                "application_log_level": "",
                "log_format": "Text",
                "log_group": "/aws/lambda/card-purchase-lambda",
                "system_log_level": ""
              }
            ],
            "memory_size": 128,
            "package_type": "Zip",
            "publish": false,
            "publish_to": null,
            "qualified_arn": "arn:aws:lambda:us-east-1:235899054833:function:card-purchase-lambda:$LATEST",
            "qualified_invoke_arn": "arn:aws:apigateway:us-east-1:lambda:path/2015-03-31/functions/arn:aws:lambda:us-east-1:235899054833:function:card-purchase-lambda:$LATEST/invocations",
            "region": "us-east-1",
            "replace_security_groups_on_destroy": null,
            "replacement_security_group_ids": null,
            "reserved_concurrent_executions": -1,
            "response_streaming_invoke_arn": "arn:aws:apigateway:us-east-1:lambda:path/2021-11-15/functions/arn:aws:lambda:us-east-1:235899054833:function:card-purchase-lambda/response-streaming-invocations",
            "role": "arn:aws:iam::235899054833:role/pig_bank_lambda_role",
            "runtime": "nodejs24.x",
            "s3_bucket": null,
            "s3_key": null,
            "s3_object_version": null,
            "signing_job_arn": "",
            "signing_profile_version_arn": "",
            "skip_destroy": false,
            "snap_start": [],
            "source_code_hash": "ua7yRTQhmJblx/8AE33MTpWnxNGMzt7ULz0/Dg0VIO0=",
            "source_code_size": 13300,
            "source_kms_key_arn": "",
            "tags": {},
            "tags_all": {},
            "tenancy_config": [],
            "timeout": 3,
            "timeouts": null,
            "tracing_config": [
              {
                "mode": "PassThrough"
              }
            ],
            "version": "$LATEST",
            "vpc_config": []
          },
          "sensitive_attributes": [],
          "identity_schema_version": 0,
          "identity": {
            "account_id": "235899054833",
            "function_name": "card-purchase-lambda",
            "region": "us-east-1"
          },
          "private": "eyJlMmJmYjczMC1lY2FhLTExZTYtOGY4OC0zNDM2M2JjN2M0YzAiOnsiY3JlYXRlIjo2MDAwMDAwMDAwMDAsImRlbGV0ZSI6NjAwMDAwMDAwMDAwLCJ1cGRhdGUiOjYwMDAwMDAwMDAwMH19",
          "dependencies": [
            "module.pig_bank_infrastructure.aws_iam_role.lambda_role",
            "module.pig_bank_infrastructure.aws_sqs_queue.notification_queue"
          ]
        }
      ]
    },
    {
      "module": "module.pig_bank_infrastructure",
      "mode": "managed",
      "type": "aws_lambda_function",
      "name": "save_transaction",
      "provider": "module.pig_bank_infrastructure.provider[\"registry.terraform.io/hashicorp/aws\"]",
      "instances": [
        {
          "schema_version": 0,
          "attributes": {
            "architectures": [
              "x86_64"
            ],
            "arn": "arn:aws:lambda:us-east-1:235899054833:function:card-transaction-save-lambda",
            "capacity_provider_config": [],
            "code_sha256": "ua7yRTQhmJblx/8AE33MTpWnxNGMzt7ULz0/Dg0VIO0=",
            "code_signing_config_arn": "",
            "dead_letter_config": [],
            "description": "",
            "durable_config": [],
            "environment": [
              {
                "variables": {
                  "AWS_SQS_QUEUE_URL": "https://sqs.us-east-1.amazonaws.com/235899054833/notification-email-sqs"
                }
              }
            ],
            "ephemeral_storage": [
              {
                "size": 512
              }
            ],
            "file_system_config": [],
            "filename": "./lambda.zip",
            "function_name": "card-transaction-save-lambda",
            "handler": "dist/card-transaction-save-lambda.handler",
            "id": "card-transaction-save-lambda",
            "image_config": [],
            "image_uri": "",
            "invoke_arn": "arn:aws:apigateway:us-east-1:lambda:path/2015-03-31/functions/arn:aws:lambda:us-east-1:235899054833:function:card-transaction-save-lambda/invocations",
            "kms_key_arn": "",
            "last_modified": "2026-03-09T20:05:13.000+0000",
            "layers": [],
            "logging_config": [
              {
                "application_log_level": "",
                "log_format": "Text",
                "log_group": "/aws/lambda/card-transaction-save-lambda",
                "system_log_level": ""
              }
            ],
            "memory_size": 128,
            "package_type": "Zip",
            "publish": false,
            "publish_to": null,
            "qualified_arn": "arn:aws:lambda:us-east-1:235899054833:function:card-transaction-save-lambda:$LATEST",
            "qualified_invoke_arn": "arn:aws:apigateway:us-east-1:lambda:path/2015-03-31/functions/arn:aws:lambda:us-east-1:235899054833:function:card-transaction-save-lambda:$LATEST/invocations",
            "region": "us-east-1",
            "replace_security_groups_on_destroy": null,
            "replacement_security_group_ids": null,
            "reserved_concurrent_executions": -1,
            "response_streaming_invoke_arn": "arn:aws:apigateway:us-east-1:lambda:path/2021-11-15/functions/arn:aws:lambda:us-east-1:235899054833:function:card-transaction-save-lambda/response-streaming-invocations",
            "role": "arn:aws:iam::235899054833:role/pig_bank_lambda_role",
            "runtime": "nodejs24.x",
            "s3_bucket": null,
            "s3_key": null,
            "s3_object_version": null,
            "signing_job_arn": "",
            "signing_profile_version_arn": "",
            "skip_destroy": false,
            "snap_start": [],
            "source_code_hash": "ua7yRTQhmJblx/8AE33MTpWnxNGMzt7ULz0/Dg0VIO0=",
            "source_code_size": 13300,
            "source_kms_key_arn": "",
            "tags": {},
            "tags_all": {},
            "tenancy_config": [],
            "timeout": 3,
            "timeouts": null,
            "tracing_config": [
              {
                "mode": "PassThrough"
              }
            ],
            "version": "$LATEST",
            "vpc_config": []
          },
          "sensitive_attributes": [],
          "identity_schema_version": 0,
          "identity": {
            "account_id": "235899054833",
            "function_name": "card-transaction-save-lambda",
            "region": "us-east-1"
          },
          "private": "eyJlMmJmYjczMC1lY2FhLTExZTYtOGY4OC0zNDM2M2JjN2M0YzAiOnsiY3JlYXRlIjo2MDAwMDAwMDAwMDAsImRlbGV0ZSI6NjAwMDAwMDAwMDAwLCJ1cGRhdGUiOjYwMDAwMDAwMDAwMH19",
          "dependencies": [
            "module.pig_bank_infrastructure.aws_iam_role.lambda_role",
            "module.pig_bank_infrastructure.aws_sqs_queue.notification_queue"
          ]
        }
      ]
    },
    {
      "module": "module.pig_bank_infrastructure",
      "mode": "managed",
      "type": "aws_lambda_permission",
      "name": "apigw",
      "provider": "module.pig_bank_infrastructure.provider[\"registry.terraform.io/hashicorp/aws\"]",
      "instances": [
        {
          "index_key": "activate",
          "schema_version": 0,
          "attributes": {
            "action": "lambda:InvokeFunction",
            "event_source_token": null,
            "function_name": "card-activate-lambda",
            "function_url_auth_type": null,
            "id": "AllowExecutionFromAPIGateway_activate",
            "invoked_via_function_url": null,
            "principal": "apigateway.amazonaws.com",
            "principal_org_id": null,
            "qualifier": "",
            "region": "us-east-1",
            "source_account": null,
            "source_arn": "arn:aws:execute-api:us-east-1:235899054833:qlwfaz7rt5/*/*",
            "statement_id": "AllowExecutionFromAPIGateway_activate",
            "statement_id_prefix": ""
          },
          "sensitive_attributes": [],
          "identity_schema_version": 0,
          "identity": {
            "account_id": "235899054833",
            "function_name": "card-activate-lambda",
            "qualifier": null,
            "region": "us-east-1",
            "statement_id": "AllowExecutionFromAPIGateway_activate"
          },
          "private": "bnVsbA==",
          "dependencies": [
            "module.pig_bank_infrastructure.aws_api_gateway_rest_api.api",
            "module.pig_bank_infrastructure.aws_iam_role.lambda_role",
            "module.pig_bank_infrastructure.aws_lambda_function.activate_card",
            "module.pig_bank_infrastructure.aws_lambda_function.create_card",
            "module.pig_bank_infrastructure.aws_lambda_function.paid_credit",
            "module.pig_bank_infrastructure.aws_lambda_function.purchase_card",
            "module.pig_bank_infrastructure.aws_lambda_function.save_transaction",
            "module.pig_bank_infrastructure.aws_sqs_queue.notification_queue"
          ]
        },
        {
          "index_key": "create",
          "schema_version": 0,
          "attributes": {
            "action": "lambda:InvokeFunction",
            "event_source_token": null,
            "function_name": "create-request-card-lambda",
            "function_url_auth_type": null,
            "id": "AllowExecutionFromAPIGateway_create",
            "invoked_via_function_url": null,
            "principal": "apigateway.amazonaws.com",
            "principal_org_id": null,
            "qualifier": "",
            "region": "us-east-1",
            "source_account": null,
            "source_arn": "arn:aws:execute-api:us-east-1:235899054833:qlwfaz7rt5/*/*",
            "statement_id": "AllowExecutionFromAPIGateway_create",
            "statement_id_prefix": ""
          },
          "sensitive_attributes": [],
          "identity_schema_version": 0,
          "identity": {
            "account_id": "235899054833",
            "function_name": "create-request-card-lambda",
            "qualifier": null,
            "region": "us-east-1",
            "statement_id": "AllowExecutionFromAPIGateway_create"
          },
          "private": "bnVsbA==",
          "dependencies": [
            "module.pig_bank_infrastructure.aws_api_gateway_rest_api.api",
            "module.pig_bank_infrastructure.aws_iam_role.lambda_role",
            "module.pig_bank_infrastructure.aws_lambda_function.activate_card",
            "module.pig_bank_infrastructure.aws_lambda_function.create_card",
            "module.pig_bank_infrastructure.aws_lambda_function.paid_credit",
            "module.pig_bank_infrastructure.aws_lambda_function.purchase_card",
            "module.pig_bank_infrastructure.aws_lambda_function.save_transaction",
            "module.pig_bank_infrastructure.aws_sqs_queue.notification_queue"
          ]
        },
        {
          "index_key": "paid",
          "schema_version": 0,
          "attributes": {
            "action": "lambda:InvokeFunction",
            "event_source_token": null,
            "function_name": "card-paid-credit-lambda",
            "function_url_auth_type": null,
            "id": "AllowExecutionFromAPIGateway_paid",
            "invoked_via_function_url": null,
            "principal": "apigateway.amazonaws.com",
            "principal_org_id": null,
            "qualifier": "",
            "region": "us-east-1",
            "source_account": null,
            "source_arn": "arn:aws:execute-api:us-east-1:235899054833:qlwfaz7rt5/*/*",
            "statement_id": "AllowExecutionFromAPIGateway_paid",
            "statement_id_prefix": ""
          },
          "sensitive_attributes": [],
          "identity_schema_version": 0,
          "identity": {
            "account_id": "235899054833",
            "function_name": "card-paid-credit-lambda",
            "qualifier": null,
            "region": "us-east-1",
            "statement_id": "AllowExecutionFromAPIGateway_paid"
          },
          "private": "bnVsbA==",
          "dependencies": [
            "module.pig_bank_infrastructure.aws_api_gateway_rest_api.api",
            "module.pig_bank_infrastructure.aws_iam_role.lambda_role",
            "module.pig_bank_infrastructure.aws_lambda_function.activate_card",
            "module.pig_bank_infrastructure.aws_lambda_function.create_card",
            "module.pig_bank_infrastructure.aws_lambda_function.paid_credit",
            "module.pig_bank_infrastructure.aws_lambda_function.purchase_card",
            "module.pig_bank_infrastructure.aws_lambda_function.save_transaction",
            "module.pig_bank_infrastructure.aws_sqs_queue.notification_queue"
          ]
        },
        {
          "index_key": "purchase",
          "schema_version": 0,
          "attributes": {
            "action": "lambda:InvokeFunction",
            "event_source_token": null,
            "function_name": "card-purchase-lambda",
            "function_url_auth_type": null,
            "id": "AllowExecutionFromAPIGateway_purchase",
            "invoked_via_function_url": null,
            "principal": "apigateway.amazonaws.com",
            "principal_org_id": null,
            "qualifier": "",
            "region": "us-east-1",
            "source_account": null,
            "source_arn": "arn:aws:execute-api:us-east-1:235899054833:qlwfaz7rt5/*/*",
            "statement_id": "AllowExecutionFromAPIGateway_purchase",
            "statement_id_prefix": ""
          },
          "sensitive_attributes": [],
          "identity_schema_version": 0,
          "identity": {
            "account_id": "235899054833",
            "function_name": "card-purchase-lambda",
            "qualifier": null,
            "region": "us-east-1",
            "statement_id": "AllowExecutionFromAPIGateway_purchase"
          },
          "private": "bnVsbA==",
          "dependencies": [
            "module.pig_bank_infrastructure.aws_api_gateway_rest_api.api",
            "module.pig_bank_infrastructure.aws_iam_role.lambda_role",
            "module.pig_bank_infrastructure.aws_lambda_function.activate_card",
            "module.pig_bank_infrastructure.aws_lambda_function.create_card",
            "module.pig_bank_infrastructure.aws_lambda_function.paid_credit",
            "module.pig_bank_infrastructure.aws_lambda_function.purchase_card",
            "module.pig_bank_infrastructure.aws_lambda_function.save_transaction",
            "module.pig_bank_infrastructure.aws_sqs_queue.notification_queue"
          ]
        },
        {
          "index_key": "save",
          "schema_version": 0,
          "attributes": {
            "action": "lambda:InvokeFunction",
            "event_source_token": null,
            "function_name": "card-transaction-save-lambda",
            "function_url_auth_type": null,
            "id": "AllowExecutionFromAPIGateway_save",
            "invoked_via_function_url": null,
            "principal": "apigateway.amazonaws.com",
            "principal_org_id": null,
            "qualifier": "",
            "region": "us-east-1",
            "source_account": null,
            "source_arn": "arn:aws:execute-api:us-east-1:235899054833:qlwfaz7rt5/*/*",
            "statement_id": "AllowExecutionFromAPIGateway_save",
            "statement_id_prefix": ""
          },
          "sensitive_attributes": [],
          "identity_schema_version": 0,
          "identity": {
            "account_id": "235899054833",
            "function_name": "card-transaction-save-lambda",
            "qualifier": null,
            "region": "us-east-1",
            "statement_id": "AllowExecutionFromAPIGateway_save"
          },
          "private": "bnVsbA==",
          "dependencies": [
            "module.pig_bank_infrastructure.aws_api_gateway_rest_api.api",
            "module.pig_bank_infrastructure.aws_iam_role.lambda_role",
            "module.pig_bank_infrastructure.aws_lambda_function.activate_card",
            "module.pig_bank_infrastructure.aws_lambda_function.create_card",
            "module.pig_bank_infrastructure.aws_lambda_function.paid_credit",
            "module.pig_bank_infrastructure.aws_lambda_function.purchase_card",
            "module.pig_bank_infrastructure.aws_lambda_function.save_transaction",
            "module.pig_bank_infrastructure.aws_sqs_queue.notification_queue"
          ]
        }
      ]
    },
    {
      "module": "module.pig_bank_infrastructure",
      "mode": "managed",
      "type": "aws_sqs_queue",
      "name": "notification_queue",
      "provider": "module.pig_bank_infrastructure.provider[\"registry.terraform.io/hashicorp/aws\"]",
      "instances": [
        {
          "schema_version": 0,
          "attributes": {
            "arn": "arn:aws:sqs:us-east-1:235899054833:notification-email-sqs",
            "content_based_deduplication": false,
            "deduplication_scope": "",
            "delay_seconds": 0,
            "fifo_queue": false,
            "fifo_throughput_limit": "",
            "id": "https://sqs.us-east-1.amazonaws.com/235899054833/notification-email-sqs",
            "kms_data_key_reuse_period_seconds": 300,
            "kms_master_key_id": "",
            "max_message_size": 262144,
            "message_retention_seconds": 345600,
            "name": "notification-email-sqs",
            "name_prefix": "",
            "policy": "",
            "receive_wait_time_seconds": 0,
            "redrive_allow_policy": "",
            "redrive_policy": "",
            "region": "us-east-1",
            "sqs_managed_sse_enabled": true,
            "tags": {},
            "tags_all": {},
            "timeouts": null,
            "url": "https://sqs.us-east-1.amazonaws.com/235899054833/notification-email-sqs",
            "visibility_timeout_seconds": 30
          },
          "sensitive_attributes": [],
          "identity_schema_version": 1,
          "identity": {
            "url": "https://sqs.us-east-1.amazonaws.com/235899054833/notification-email-sqs"
          },
          "private": "eyJlMmJmYjczMC1lY2FhLTExZTYtOGY4OC0zNDM2M2JjN2M0YzAiOnsiY3JlYXRlIjoxODAwMDAwMDAwMDAsImRlbGV0ZSI6MTgwMDAwMDAwMDAwLCJ1cGRhdGUiOjE4MDAwMDAwMDAwMH19"
        }
      ]
    }
  ],
  "check_results": null
}
